
Microsoft Visual Studio Solution File, Format Version 12.00
# Visual Studio Version 17
VisualStudioVersion = 17.10.35027.167
MinimumVisualStudioVersion = 10.0.40219.1
Project("{9A19103F-16F7-4668-BE54-9A1E7A4F7556}") = "Sesion02Task", "Sesion02Task\Sesion02Task.csproj", "{2EBF644E-7394-4A0E-AAFE-1BF96A927F02}"
	ProjectSection(ProjectDependencies) = postProject
		{EE8A898A-A609-41B5-B512-FE3F5EFADB17} = {EE8A898A-A609-41B5-B512-FE3F5EFADB17}
	EndProjectSection
EndProject
Project("{9A19103F-16F7-4668-BE54-9A1E7A4F7556}") = "Modelo", "Modelo\Modelo.csproj", "{EE8A898A-A609-41B5-B512-FE3F5EFADB17}"
EndProject
Project("{FAE04EC0-301F-11D3-BF4B-00C04F79EFBC}") = "Tests", "Tests\Tests.csproj", "{959AB6FE-B008-44CF-A867-79776E18EF91}"
EndProject
Global
	GlobalSection(SolutionConfigurationPlatforms) = preSolution
		Debug|Any CPU = Debug|Any CPU
		Release|Any CPU = Release|Any CPU
	EndGlobalSection
	GlobalSection(ProjectConfigurationPlatforms) = postSolution
		{2EBF644E-7394-4A0E-AAFE-1BF96A927F02}.Debug|Any CPU.ActiveCfg = Debug|Any CPU
		{2EBF644E-7394-4A0E-AAFE-1BF96A927F02}.Debug|Any CPU.Build.0 = Debug|Any CPU
		{2EBF644E-7394-4A0E-AAFE-1BF96A927F02}.Release|Any CPU.ActiveCfg = Release|Any CPU
		{2EBF644E-7394-4A0E-AAFE-1BF96A927F02}.Release|Any CPU.Build.0 = Release|Any CPU
		{EE8A898A-A609-41B5-B512-FE3F5EFADB17}.Debug|Any CPU.ActiveCfg = Debug|Any CPU
		{EE8A898A-A609-41B5-B512-FE3F5EFADB17}.Debug|Any CPU.Build.0 = Debug|Any CPU
		{EE8A898A-A609-41B5-B512-FE3F5EFADB17}.Release|Any CPU.ActiveCfg = Release|Any CPU
		{EE8A898A-A609-41B5-B512-FE3F5EFADB17}.Release|Any CPU.Build.0 = Release|Any CPU
		{959AB6FE-B008-44CF-A867-79776E18EF91}.Debug|Any CPU.ActiveCfg = Debug|Any CPU
		{959AB6FE-B008-44CF-A867-79776E18EF91}.Debug|Any CPU.Build.0 = Debug|Any CPU
		{959AB6FE-B008-44CF-A867-79776E18EF91}.Release|Any CPU.ActiveCfg = Release|Any CPU
		{959AB6FE-B008-44CF-A867-79776E18EF91}.Release|Any CPU.Build.0 = Release|Any CPU
	EndGlobalSection
	GlobalSection(SolutionProperties) = preSolution
		HideSolutionNode = FALSE
	EndGlobalSection
	GlobalSection(ExtensibilityGlobals) = postSolution
		SolutionGuid = {FB1A3701-E0C1-43BD-904B-5FFCBF7A3CFE}
	EndGlobalSection
EndGlobal
