
Microsoft Visual Studio Solution File, Format Version 12.00
# Visual Studio Version 17
VisualStudioVersion = 17.10.35027.167
MinimumVisualStudioVersion = 10.0.40219.1
Project("{9A19103F-16F7-4668-BE54-9A1E7A4F7556}") = "Sesion05Task", "Sesion05Task\Sesion05Task.csproj", "{430AC262-EC19-49BE-AABE-80698ECCCE43}"
EndProject
Project("{9A19103F-16F7-4668-BE54-9A1E7A4F7556}") = "Modelo", "Modelo\Modelo.csproj", "{CBBD1C24-8DE1-4230-A6AC-E9E46D387257}"
EndProject
Project("{FAE04EC0-301F-11D3-BF4B-00C04F79EFBC}") = "Tests", "Tests\Tests.csproj", "{E4D97642-75C6-4447-8F54-E681B1CEE6E4}"
EndProject
Global
	GlobalSection(SolutionConfigurationPlatforms) = preSolution
		Debug|Any CPU = Debug|Any CPU
		Release|Any CPU = Release|Any CPU
	EndGlobalSection
	GlobalSection(ProjectConfigurationPlatforms) = postSolution
		{430AC262-EC19-49BE-AABE-80698ECCCE43}.Debug|Any CPU.ActiveCfg = Debug|Any CPU
		{430AC262-EC19-49BE-AABE-80698ECCCE43}.Debug|Any CPU.Build.0 = Debug|Any CPU
		{430AC262-EC19-49BE-AABE-80698ECCCE43}.Release|Any CPU.ActiveCfg = Release|Any CPU
		{430AC262-EC19-49BE-AABE-80698ECCCE43}.Release|Any CPU.Build.0 = Release|Any CPU
		{CBBD1C24-8DE1-4230-A6AC-E9E46D387257}.Debug|Any CPU.ActiveCfg = Debug|Any CPU
		{CBBD1C24-8DE1-4230-A6AC-E9E46D387257}.Debug|Any CPU.Build.0 = Debug|Any CPU
		{CBBD1C24-8DE1-4230-A6AC-E9E46D387257}.Release|Any CPU.ActiveCfg = Release|Any CPU
		{CBBD1C24-8DE1-4230-A6AC-E9E46D387257}.Release|Any CPU.Build.0 = Release|Any CPU
		{E4D97642-75C6-4447-8F54-E681B1CEE6E4}.Debug|Any CPU.ActiveCfg = Debug|Any CPU
		{E4D97642-75C6-4447-8F54-E681B1CEE6E4}.Debug|Any CPU.Build.0 = Debug|Any CPU
		{E4D97642-75C6-4447-8F54-E681B1CEE6E4}.Release|Any CPU.ActiveCfg = Release|Any CPU
		{E4D97642-75C6-4447-8F54-E681B1CEE6E4}.Release|Any CPU.Build.0 = Release|Any CPU
	EndGlobalSection
	GlobalSection(SolutionProperties) = preSolution
		HideSolutionNode = FALSE
	EndGlobalSection
	GlobalSection(ExtensibilityGlobals) = postSolution
		SolutionGuid = {41D09009-B883-4488-AC3F-BEC5D518EB89}
	EndGlobalSection
EndGlobal
