
Microsoft Visual Studio Solution File, Format Version 12.00
# Visual Studio Version 17
VisualStudioVersion = 17.10.35027.167
MinimumVisualStudioVersion = 10.0.40219.1
Project("{FAE04EC0-301F-11D3-BF4B-00C04F79EFBC}") = "Sesion01Task", "Sesion01Task\Sesion01Task.csproj", "{F688BA81-EE3E-416F-87FA-8622C20DAEFA}"
EndProject
Project("{FAE04EC0-301F-11D3-BF4B-00C04F79EFBC}") = "Modelo", "Modelo\Modelo.csproj", "{D68B3FA6-D4EC-4F0E-8089-4656F2BA463F}"
EndProject
Global
	GlobalSection(SolutionConfigurationPlatforms) = preSolution
		Debug|Any CPU = Debug|Any CPU
		Release|Any CPU = Release|Any CPU
	EndGlobalSection
	GlobalSection(ProjectConfigurationPlatforms) = postSolution
		{F688BA81-EE3E-416F-87FA-8622C20DAEFA}.Debug|Any CPU.ActiveCfg = Debug|Any CPU
		{F688BA81-EE3E-416F-87FA-8622C20DAEFA}.Debug|Any CPU.Build.0 = Debug|Any CPU
		{F688BA81-EE3E-416F-87FA-8622C20DAEFA}.Release|Any CPU.ActiveCfg = Release|Any CPU
		{F688BA81-EE3E-416F-87FA-8622C20DAEFA}.Release|Any CPU.Build.0 = Release|Any CPU
		{D68B3FA6-D4EC-4F0E-8089-4656F2BA463F}.Debug|Any CPU.ActiveCfg = Debug|Any CPU
		{D68B3FA6-D4EC-4F0E-8089-4656F2BA463F}.Debug|Any CPU.Build.0 = Debug|Any CPU
		{D68B3FA6-D4EC-4F0E-8089-4656F2BA463F}.Release|Any CPU.ActiveCfg = Release|Any CPU
		{D68B3FA6-D4EC-4F0E-8089-4656F2BA463F}.Release|Any CPU.Build.0 = Release|Any CPU
	EndGlobalSection
	GlobalSection(SolutionProperties) = preSolution
		HideSolutionNode = FALSE
	EndGlobalSection
	GlobalSection(ExtensibilityGlobals) = postSolution
		SolutionGuid = {992053C4-E4A2-48F5-8AA9-B9DE0F83B0A3}
	EndGlobalSection
EndGlobal
