
Microsoft Visual Studio Solution File, Format Version 12.00
# Visual Studio Version 17
VisualStudioVersion = 17.12.35707.178
MinimumVisualStudioVersion = 10.0.40219.1
Project("{9A19103F-16F7-4668-BE54-9A1E7A4F7556}") = "01ExtensoresLinq", "01ExtensoresLinq\01ExtensoresLinq.csproj", "{61F825B5-4148-4891-B0F3-68819C8CA53E}"
EndProject
Project("{9A19103F-16F7-4668-BE54-9A1E7A4F7556}") = "Modelo", "Modelo\Modelo.csproj", "{377B82E5-7A05-44D9-BC05-B6F7CE679715}"
EndProject
Project("{9A19103F-16F7-4668-BE54-9A1E7A4F7556}") = "02Ejercicios", "02Ejercicios\02Ejercicios.csproj", "{78C05E3E-B141-4D79-968C-4AB400CB39C1}"
EndProject
Project("{FAE04EC0-301F-11D3-BF4B-00C04F79EFBC}") = "Test", "Test\Test.csproj", "{C15452FF-713D-4317-8FDA-64F03DD1B9E1}"
EndProject
Global
	GlobalSection(SolutionConfigurationPlatforms) = preSolution
		Debug|Any CPU = Debug|Any CPU
		Release|Any CPU = Release|Any CPU
	EndGlobalSection
	GlobalSection(ProjectConfigurationPlatforms) = postSolution
		{61F825B5-4148-4891-B0F3-68819C8CA53E}.Debug|Any CPU.ActiveCfg = Debug|Any CPU
		{61F825B5-4148-4891-B0F3-68819C8CA53E}.Debug|Any CPU.Build.0 = Debug|Any CPU
		{61F825B5-4148-4891-B0F3-68819C8CA53E}.Release|Any CPU.ActiveCfg = Release|Any CPU
		{61F825B5-4148-4891-B0F3-68819C8CA53E}.Release|Any CPU.Build.0 = Release|Any CPU
		{377B82E5-7A05-44D9-BC05-B6F7CE679715}.Debug|Any CPU.ActiveCfg = Debug|Any CPU
		{377B82E5-7A05-44D9-BC05-B6F7CE679715}.Debug|Any CPU.Build.0 = Debug|Any CPU
		{377B82E5-7A05-44D9-BC05-B6F7CE679715}.Release|Any CPU.ActiveCfg = Release|Any CPU
		{377B82E5-7A05-44D9-BC05-B6F7CE679715}.Release|Any CPU.Build.0 = Release|Any CPU
		{78C05E3E-B141-4D79-968C-4AB400CB39C1}.Debug|Any CPU.ActiveCfg = Debug|Any CPU
		{78C05E3E-B141-4D79-968C-4AB400CB39C1}.Debug|Any CPU.Build.0 = Debug|Any CPU
		{78C05E3E-B141-4D79-968C-4AB400CB39C1}.Release|Any CPU.ActiveCfg = Release|Any CPU
		{78C05E3E-B141-4D79-968C-4AB400CB39C1}.Release|Any CPU.Build.0 = Release|Any CPU
		{C15452FF-713D-4317-8FDA-64F03DD1B9E1}.Debug|Any CPU.ActiveCfg = Debug|Any CPU
		{C15452FF-713D-4317-8FDA-64F03DD1B9E1}.Debug|Any CPU.Build.0 = Debug|Any CPU
		{C15452FF-713D-4317-8FDA-64F03DD1B9E1}.Release|Any CPU.ActiveCfg = Release|Any CPU
		{C15452FF-713D-4317-8FDA-64F03DD1B9E1}.Release|Any CPU.Build.0 = Release|Any CPU
	EndGlobalSection
	GlobalSection(SolutionProperties) = preSolution
		HideSolutionNode = FALSE
	EndGlobalSection
EndGlobal
