
Microsoft Visual Studio Solution File, Format Version 12.00
# Visual Studio Version 17
VisualStudioVersion = 17.12.35707.178
MinimumVisualStudioVersion = 10.0.40219.1
Project("{9A19103F-16F7-4668-BE54-9A1E7A4F7556}") = "Ejercicio", "Ejercicio\Ejercicio.csproj", "{A1354DBC-CCE6-42B8-B737-FA6101564860}"
EndProject
Global
	GlobalSection(SolutionConfigurationPlatforms) = preSolution
		Debug|Any CPU = Debug|Any CPU
		Release|Any CPU = Release|Any CPU
	EndGlobalSection
	GlobalSection(ProjectConfigurationPlatforms) = postSolution
		{A1354DBC-CCE6-42B8-B737-FA6101564860}.Debug|Any CPU.ActiveCfg = Debug|Any CPU
		{A1354DBC-CCE6-42B8-B737-FA6101564860}.Debug|Any CPU.Build.0 = Debug|Any CPU
		{A1354DBC-CCE6-42B8-B737-FA6101564860}.Release|Any CPU.ActiveCfg = Release|Any CPU
		{A1354DBC-CCE6-42B8-B737-FA6101564860}.Release|Any CPU.Build.0 = Release|Any CPU
	EndGlobalSection
	GlobalSection(SolutionProperties) = preSolution
		HideSolutionNode = FALSE
	EndGlobalSection
	GlobalSection(ExtensibilityGlobals) = postSolution
		SolutionGuid = {EAF16E46-C403-49A4-BE71-84595143478D}
	EndGlobalSection
EndGlobal
